// !$*UTF8*$!
{
	archiveVersion = 1;
	classes = {
	};
	objectVersion = 90;
	objects = {

/* Begin PBXBuildFile section */
		8F07DD492F5AE29100A44ED7 /* TranlationRepositoryProtocol.swift in Sources */ = {isa = PBXBuildFile; fileRef = 8F07DD482F5AE29100A44ED7 /* TranlationRepositoryProtocol.swift */; };
		8F07DD4E2F5AE32200A44ED7 /* TranslationSessionRepository.swift in Sources */ = {isa = PBXBuildFile; fileRef = 8F07DD4D2F5AE32200A44ED7 /* TranslationSessionRepository.swift */; };
		8F07DD502F5AF69600A44ED7 /* LanguagesRepositoryProtocol.swift in Sources */ = {isa = PBXBuildFile; fileRef = 8F07DD4F2F5AF69600A44ED7 /* LanguagesRepositoryProtocol.swift */; };
		8F07DD522F5AF6E200A44ED7 /* Language.swift in Sources */ = {isa = PBXBuildFile; fileRef = 8F07DD512F5AF6BA00A44ED7 /* Language.swift */; };
		8F07DD542F5AF79100A44ED7 /* LocaleLanguageRepository.swift in Sources */ = {isa = PBXBuildFile; fileRef = 8F07DD532F5AF79100A44ED7 /* LocaleLanguageRepository.swift */; };
		8F07DD562F5B045E00A44ED7 /* TranslateInteractorProtocol.swift in Sources */ = {isa = PBXBuildFile; fileRef = 8F07DD552F5B045E00A44ED7 /* TranslateInteractorProtocol.swift */; };
		8F07DD5A2F5B04FD00A44ED7 /* TranslateInteractor.swift in Sources */ = {isa = PBXBuildFile; fileRef = 8F07DD592F5B04FD00A44ED7 /* TranslateInteractor.swift */; };
		8F07DD5C2F5C315500A44ED7 /* AppList.swift in Sources */ = {isa = PBXBuildFile; fileRef = 8F07DD5B2F5C315500A44ED7 /* AppList.swift */; };
		8F07DD5E2F5C8F0000A44ED7 /* SearchBar.swift in Sources */ = {isa = PBXBuildFile; fileRef = 8F07DD5D2F5C8EFA00A44ED7 /* SearchBar.swift */; };
		8F07DD622F5D756400A44ED7 /* FavoritesRepositoryProtocol.swift in Sources */ = {isa = PBXBuildFile; fileRef = 8F07DD612F5D756400A44ED7 /* FavoritesRepositoryProtocol.swift */; };
		8F07DD642F5D75D400A44ED7 /* SwiftDataFavoritesRepository.swift in Resources */ = {isa = PBXBuildFile; fileRef = 8F07DD632F5D75D400A44ED7 /* SwiftDataFavoritesRepository.swift */; };
		8F07DD672F5D76AF00A44ED7 /* FavoriteTranslation.swift in Sources */ = {isa = PBXBuildFile; fileRef = 8F07DD662F5D76A000A44ED7 /* FavoriteTranslation.swift */; };
		8F07DD692F5D7CA200A44ED7 /* MainFavoritesInteractor.swift in Sources */ = {isa = PBXBuildFile; fileRef = 8F07DD682F5D7CA200A44ED7 /* MainFavoritesInteractor.swift */; };
		8F07DD6B2F5D7CC400A44ED7 /* MainFavoritesInteractorProtocol.swift in Sources */ = {isa = PBXBuildFile; fileRef = 8F07DD6A2F5D7CC400A44ED7 /* MainFavoritesInteractorProtocol.swift */; };
		8F07DD6D2F5D849200A44ED7 /* Translation.swift in Sources */ = {isa = PBXBuildFile; fileRef = 8F07DD6C2F5D848900A44ED7 /* Translation.swift */; };
		8F07DD6E2F5D8E1700A44ED7 /* SwiftDataFavoritesRepository.swift in Sources */ = {isa = PBXBuildFile; fileRef = 8F07DD632F5D75D400A44ED7 /* SwiftDataFavoritesRepository.swift */; };
		8F07DD712F5EB7E900A44ED7 /* AVFoundationSpeechSynthesizerRepository.swift in Sources */ = {isa = PBXBuildFile; fileRef = 8F07DD702F5EB7D500A44ED7 /* AVFoundationSpeechSynthesizerRepository.swift */; };
		8F07DD732F5ECC3500A44ED7 /* SpeechSynthesizerRepositoryProtocol.swift in Sources */ = {isa = PBXBuildFile; fileRef = 8F07DD722F5ECC2F00A44ED7 /* SpeechSynthesizerRepositoryProtocol.swift */; };
		8F07DD762F5ECE8F00A44ED7 /* VoiceInteractorProtocol.swift in Sources */ = {isa = PBXBuildFile; fileRef = 8F07DD752F5ECE7C00A44ED7 /* VoiceInteractorProtocol.swift */; };
		8F07DD792F5ED04800A44ED7 /* CommonVoiceInteractor.swift in Sources */ = {isa = PBXBuildFile; fileRef = 8F07DD782F5ED04800A44ED7 /* CommonVoiceInteractor.swift */; };
		8F07DD872F615BFF00A44ED7 /* SettingsRepositoryProtocol.swift in Sources */ = {isa = PBXBuildFile; fileRef = 8F07DD862F615BF700A44ED7 /* SettingsRepositoryProtocol.swift */; };
		8F07DD892F615C4D00A44ED7 /* UserDefaultsSettingsRepository.swift in Sources */ = {isa = PBXBuildFile; fileRef = 8F07DD882F615C3C00A44ED7 /* UserDefaultsSettingsRepository.swift */; };
		8F07DD8C2F6160AF00A44ED7 /* LanguageDto.swift in Sources */ = {isa = PBXBuildFile; fileRef = 8F07DD8B2F6160AA00A44ED7 /* LanguageDto.swift */; };
		8F07DD8F2F61611B00A44ED7 /* TranslationMapper.swift in Sources */ = {isa = PBXBuildFile; fileRef = 8F07DD8E2F61611B00A44ED7 /* TranslationMapper.swift */; };
		8F07DD912F61617300A44ED7 /* LanguageMapper.swift in Sources */ = {isa = PBXBuildFile; fileRef = 8F07DD902F61616E00A44ED7 /* LanguageMapper.swift */; };
		8F07DD932F61631800A44ED7 /* CoderProtocol.swift in Sources */ = {isa = PBXBuildFile; fileRef = 8F07DD922F61631600A44ED7 /* CoderProtocol.swift */; };
		8F07DD952F61633A00A44ED7 /* JSONCoder.swift in Sources */ = {isa = PBXBuildFile; fileRef = 8F07DD942F61633600A44ED7 /* JSONCoder.swift */; };
		8F3A86E32F56FAFC000CBF7A /* Assets.xcassets in Resources */ = {isa = PBXBuildFile; fileRef = 8F3A86DC2F56FAFC000CBF7A /* Assets.xcassets */; };
		8F3A86E42F56FAFC000CBF7A /* AppColors.xcassets in Resources */ = {isa = PBXBuildFile; fileRef = 8F3A86D92F56FAFC000CBF7A /* AppColors.xcassets */; };
		8F3A86E62F56FAFC000CBF7A /* CameraScannerViewController.swift in Sources */ = {isa = PBXBuildFile; fileRef = 8F3A86DE2F56FAFC000CBF7A /* CameraScannerViewController.swift */; };
		8F3A86E72F56FAFC000CBF7A /* CameraScanner.swift in Sources */ = {isa = PBXBuildFile; fileRef = 8F3A86DD2F56FAFC000CBF7A /* CameraScanner.swift */; };
		8F3A86E82F56FAFC000CBF7A /* ContentView.swift in Sources */ = {isa = PBXBuildFile; fileRef = 8F3A86DF2F56FAFC000CBF7A /* ContentView.swift */; };
		8F3A86E92F56FAFC000CBF7A /* TranslationApp.swift in Sources */ = {isa = PBXBuildFile; fileRef = 8F3A86E12F56FAFC000CBF7A /* TranslationApp.swift */; };
		8F49EB2C2F59AD570089A44F /* ConditionalViewExtensions.swift in Sources */ = {isa = PBXBuildFile; fileRef = 8F49EB2B2F59AD450089A44F /* ConditionalViewExtensions.swift */; };
		8F49EB2F2F59B8530089A44F /* SpeachRecognizerRepositoryProtocol.swift in Sources */ = {isa = PBXBuildFile; fileRef = 8F49EB2E2F59B82B0089A44F /* SpeachRecognizerRepositoryProtocol.swift */; };
		8F49EB342F59B9AF0089A44F /* SFSpeechRecognizerRepository.swift in Sources */ = {isa = PBXBuildFile; fileRef = 8F49EB332F59B9AF0089A44F /* SFSpeechRecognizerRepository.swift */; };
		8F6932112F5821F800C0432E /* DimensViewExtensions.swift in Sources */ = {isa = PBXBuildFile; fileRef = 8F6932102F5821F100C0432E /* DimensViewExtensions.swift */; };
		8F6932132F58262000C0432E /* FilledIconButton.swift in Sources */ = {isa = PBXBuildFile; fileRef = 8F6932122F58262000C0432E /* FilledIconButton.swift */; };
		8F6932152F582A1800C0432E /* AppButton.swift in Sources */ = {isa = PBXBuildFile; fileRef = 8F6932142F582A0E00C0432E /* AppButton.swift */; };
		8F6932172F584B5300C0432E /* Main.xcstrings in Resources */ = {isa = PBXBuildFile; fileRef = 8F6932162F584B5300C0432E /* Main.xcstrings */; };
		8F6932192F584BE900C0432E /* MainComponents.xcstrings in Resources */ = {isa = PBXBuildFile; fileRef = 8F6932182F584BE900C0432E /* MainComponents.xcstrings */; };
		8F69321B2F584F1800C0432E /* LanguagesCardView.swift in Sources */ = {isa = PBXBuildFile; fileRef = 8F69321A2F584F1800C0432E /* LanguagesCardView.swift */; };
		8F6932212F585C6300C0432E /* TranslateCardView.swift in Sources */ = {isa = PBXBuildFile; fileRef = 8F6932202F585C6300C0432E /* TranslateCardView.swift */; };
		8F6932232F586E5600C0432E /* MockMainViewModel.swift in Sources */ = {isa = PBXBuildFile; fileRef = 8F6932222F586E5600C0432E /* MockMainViewModel.swift */; };
		8F6932252F58725B00C0432E /* ToolBar.swift in Sources */ = {isa = PBXBuildFile; fileRef = 8F6932242F58725500C0432E /* ToolBar.swift */; };
		8F6932272F58AAF500C0432E /* TabBar.swift in Sources */ = {isa = PBXBuildFile; fileRef = 8F6932262F58AAF500C0432E /* TabBar.swift */; };
		8F8CDBB02F570267006AB03A /* AppIcons.xcassets in Resources */ = {isa = PBXBuildFile; fileRef = 8F8CDBAF2F570267006AB03A /* AppIcons.xcassets */; };
		8F8CDBB32F570821006AB03A /* AppDimens.swift in Sources */ = {isa = PBXBuildFile; fileRef = 8F8CDBB22F570818006AB03A /* AppDimens.swift */; };
		8F8CDBB52F57129B006AB03A /* CardBackground.swift in Sources */ = {isa = PBXBuildFile; fileRef = 8F8CDBB42F571291006AB03A /* CardBackground.swift */; };
		8F8CDBB72F5714A5006AB03A /* Shadow.swift in Sources */ = {isa = PBXBuildFile; fileRef = 8F8CDBB62F571497006AB03A /* Shadow.swift */; };
		8F8CDBBA2F5716B9006AB03A /* MainView.swift in Sources */ = {isa = PBXBuildFile; fileRef = 8F8CDBB92F5716B9006AB03A /* MainView.swift */; };
		8F8CDBBD2F5716F9006AB03A /* InputCardView.swift in Sources */ = {isa = PBXBuildFile; fileRef = 8F8CDBBC2F5716F9006AB03A /* InputCardView.swift */; };
		8F8CDBBF2F5718A9006AB03A /* MainViewModelProtocol.swift in Sources */ = {isa = PBXBuildFile; fileRef = 8F8CDBBE2F5718A9006AB03A /* MainViewModelProtocol.swift */; };
		8F8CDBC12F571965006AB03A /* MainViewModel.swift in Sources */ = {isa = PBXBuildFile; fileRef = 8F8CDBC02F571965006AB03A /* MainViewModel.swift */; };
		8F8CDBC42F5729FF006AB03A /* Roboto-Regular.ttf in Resources */ = {isa = PBXBuildFile; fileRef = 8F8CDBC32F5729FF006AB03A /* Roboto-Regular.ttf */; };
		8F8CDBC62F572A0F006AB03A /* Roboto-Medium.ttf in Resources */ = {isa = PBXBuildFile; fileRef = 8F8CDBC52F572A0F006AB03A /* Roboto-Medium.ttf */; };
		8F8CDBC82F572AF1006AB03A /* AppFonts.swift in Sources */ = {isa = PBXBuildFile; fileRef = 8F8CDBC72F572AEC006AB03A /* AppFonts.swift */; };
		8F8CDBCB2F580520006AB03A /* SpacingExtensions.swift in Sources */ = {isa = PBXBuildFile; fileRef = 8F8CDBCA2F580518006AB03A /* SpacingExtensions.swift */; };
		8F8CDBCD2F580A8B006AB03A /* TextExtensions.swift in Sources */ = {isa = PBXBuildFile; fileRef = 8F8CDBCC2F580A7F006AB03A /* TextExtensions.swift */; };
		8F8CDBCF2F580C1E006AB03A /* IconButton.swift in Sources */ = {isa = PBXBuildFile; fileRef = 8F8CDBCE2F580C03006AB03A /* IconButton.swift */; };
		8F8CDBD12F580E8E006AB03A /* TextButton.swift in Sources */ = {isa = PBXBuildFile; fileRef = 8F8CDBD02F580E8E006AB03A /* TextButton.swift */; };
		8F9C0A8C2F63E4F700226A67 /* SoundRepositoryProtocol.swift in Sources */ = {isa = PBXBuildFile; fileRef = 8F9C0A8B2F63E4F700226A67 /* SoundRepositoryProtocol.swift */; };
		8F9C0A8E2F63E61000226A67 /* BundleSoundRepository.swift in Sources */ = {isa = PBXBuildFile; fileRef = 8F9C0A8D2F63E61000226A67 /* BundleSoundRepository.swift */; };
		8F9C0A942F63EC7100226A67 /* beep-07a.mp3 in Resources */ = {isa = PBXBuildFile; fileRef = 8F9C0A932F63EC7100226A67 /* beep-07a.mp3 */; };
		8F9C0A962F63FB5A00226A67 /* PulseAnimation.swift in Sources */ = {isa = PBXBuildFile; fileRef = 8F9C0A952F63FB5A00226A67 /* PulseAnimation.swift */; };
/* End PBXBuildFile section */

/* Begin PBXFileReference section */
		8F07DD482F5AE29100A44ED7 /* TranlationRepositoryProtocol.swift */ = {isa = PBXFileReference; lastKnownFileType = sourcecode.swift; path = TranlationRepositoryProtocol.swift; sourceTree = "<group>"; };
		8F07DD4D2F5AE32200A44ED7 /* TranslationSessionRepository.swift */ = {isa = PBXFileReference; lastKnownFileType = sourcecode.swift; path = TranslationSessionRepository.swift; sourceTree = "<group>"; };
		8F07DD4F2F5AF69600A44ED7 /* LanguagesRepositoryProtocol.swift */ = {isa = PBXFileReference; lastKnownFileType = sourcecode.swift; path = LanguagesRepositoryProtocol.swift; sourceTree = "<group>"; };
		8F07DD512F5AF6BA00A44ED7 /* Language.swift */ = {isa = PBXFileReference; lastKnownFileType = sourcecode.swift; path = Language.swift; sourceTree = "<group>"; };
		8F07DD532F5AF79100A44ED7 /* LocaleLanguageRepository.swift */ = {isa = PBXFileReference; lastKnownFileType = sourcecode.swift; path = LocaleLanguageRepository.swift; sourceTree = "<group>"; };
		8F07DD552F5B045E00A44ED7 /* TranslateInteractorProtocol.swift */ = {isa = PBXFileReference; lastKnownFileType = sourcecode.swift; path = TranslateInteractorProtocol.swift; sourceTree = "<group>"; };
		8F07DD592F5B04FD00A44ED7 /* TranslateInteractor.swift */ = {isa = PBXFileReference; lastKnownFileType = sourcecode.swift; path = TranslateInteractor.swift; sourceTree = "<group>"; };
		8F07DD5B2F5C315500A44ED7 /* AppList.swift */ = {isa = PBXFileReference; lastKnownFileType = sourcecode.swift; path = AppList.swift; sourceTree = "<group>"; };
		8F07DD5D2F5C8EFA00A44ED7 /* SearchBar.swift */ = {isa = PBXFileReference; lastKnownFileType = sourcecode.swift; path = SearchBar.swift; sourceTree = "<group>"; };
		8F07DD612F5D756400A44ED7 /* FavoritesRepositoryProtocol.swift */ = {isa = PBXFileReference; lastKnownFileType = sourcecode.swift; path = FavoritesRepositoryProtocol.swift; sourceTree = "<group>"; };
		8F07DD632F5D75D400A44ED7 /* SwiftDataFavoritesRepository.swift */ = {isa = PBXFileReference; lastKnownFileType = sourcecode.swift; path = SwiftDataFavoritesRepository.swift; sourceTree = "<group>"; };
		8F07DD662F5D76A000A44ED7 /* FavoriteTranslation.swift */ = {isa = PBXFileReference; lastKnownFileType = sourcecode.swift; path = FavoriteTranslation.swift; sourceTree = "<group>"; };
		8F07DD682F5D7CA200A44ED7 /* MainFavoritesInteractor.swift */ = {isa = PBXFileReference; lastKnownFileType = sourcecode.swift; path = MainFavoritesInteractor.swift; sourceTree = "<group>"; };
		8F07DD6A2F5D7CC400A44ED7 /* MainFavoritesInteractorProtocol.swift */ = {isa = PBXFileReference; lastKnownFileType = sourcecode.swift; path = MainFavoritesInteractorProtocol.swift; sourceTree = "<group>"; };
		8F07DD6C2F5D848900A44ED7 /* Translation.swift */ = {isa = PBXFileReference; lastKnownFileType = sourcecode.swift; path = Translation.swift; sourceTree = "<group>"; };
		8F07DD702F5EB7D500A44ED7 /* AVFoundationSpeechSynthesizerRepository.swift */ = {isa = PBXFileReference; lastKnownFileType = sourcecode.swift; path = AVFoundationSpeechSynthesizerRepository.swift; sourceTree = "<group>"; };
		8F07DD722F5ECC2F00A44ED7 /* SpeechSynthesizerRepositoryProtocol.swift */ = {isa = PBXFileReference; lastKnownFileType = sourcecode.swift; path = SpeechSynthesizerRepositoryProtocol.swift; sourceTree = "<group>"; };
		8F07DD752F5ECE7C00A44ED7 /* VoiceInteractorProtocol.swift */ = {isa = PBXFileReference; lastKnownFileType = sourcecode.swift; path = VoiceInteractorProtocol.swift; sourceTree = "<group>"; };
		8F07DD782F5ED04800A44ED7 /* CommonVoiceInteractor.swift */ = {isa = PBXFileReference; lastKnownFileType = sourcecode.swift; path = CommonVoiceInteractor.swift; sourceTree = "<group>"; };
		8F07DD862F615BF700A44ED7 /* SettingsRepositoryProtocol.swift */ = {isa = PBXFileReference; lastKnownFileType = sourcecode.swift; path = SettingsRepositoryProtocol.swift; sourceTree = "<group>"; };
		8F07DD882F615C3C00A44ED7 /* UserDefaultsSettingsRepository.swift */ = {isa = PBXFileReference; lastKnownFileType = sourcecode.swift; path = UserDefaultsSettingsRepository.swift; sourceTree = "<group>"; };
		8F07DD8B2F6160AA00A44ED7 /* LanguageDto.swift */ = {isa = PBXFileReference; lastKnownFileType = sourcecode.swift; path = LanguageDto.swift; sourceTree = "<group>"; };
		8F07DD8E2F61611B00A44ED7 /* TranslationMapper.swift */ = {isa = PBXFileReference; lastKnownFileType = sourcecode.swift; path = TranslationMapper.swift; sourceTree = "<group>"; };
		8F07DD902F61616E00A44ED7 /* LanguageMapper.swift */ = {isa = PBXFileReference; lastKnownFileType = sourcecode.swift; path = LanguageMapper.swift; sourceTree = "<group>"; };
		8F07DD922F61631600A44ED7 /* CoderProtocol.swift */ = {isa = PBXFileReference; lastKnownFileType = sourcecode.swift; path = CoderProtocol.swift; sourceTree = "<group>"; };
		8F07DD942F61633600A44ED7 /* JSONCoder.swift */ = {isa = PBXFileReference; lastKnownFileType = sourcecode.swift; path = JSONCoder.swift; sourceTree = "<group>"; };
		8F3A86D92F56FAFC000CBF7A /* AppColors.xcassets */ = {isa = PBXFileReference; lastKnownFileType = folder.assetcatalog; path = AppColors.xcassets; sourceTree = "<group>"; };
		8F3A86DC2F56FAFC000CBF7A /* Assets.xcassets */ = {isa = PBXFileReference; lastKnownFileType = folder.assetcatalog; path = Assets.xcassets; sourceTree = "<group>"; };
		8F3A86DD2F56FAFC000CBF7A /* CameraScanner.swift */ = {isa = PBXFileReference; lastKnownFileType = sourcecode.swift; path = CameraScanner.swift; sourceTree = "<group>"; };
		8F3A86DE2F56FAFC000CBF7A /* CameraScannerViewController.swift */ = {isa = PBXFileReference; lastKnownFileType = sourcecode.swift; path = CameraScannerViewController.swift; sourceTree = "<group>"; };
		8F3A86DF2F56FAFC000CBF7A /* ContentView.swift */ = {isa = PBXFileReference; lastKnownFileType = sourcecode.swift; path = ContentView.swift; sourceTree = "<group>"; };
		8F3A86E02F56FAFC000CBF7A /* Info.plist */ = {isa = PBXFileReference; lastKnownFileType = text.plist.xml; path = Info.plist; sourceTree = "<group>"; };
		8F3A86E12F56FAFC000CBF7A /* TranslationApp.swift */ = {isa = PBXFileReference; lastKnownFileType = sourcecode.swift; path = TranslationApp.swift; sourceTree = "<group>"; };
		8F49EB2B2F59AD450089A44F /* ConditionalViewExtensions.swift */ = {isa = PBXFileReference; lastKnownFileType = sourcecode.swift; path = ConditionalViewExtensions.swift; sourceTree = "<group>"; };
		8F49EB2E2F59B82B0089A44F /* SpeachRecognizerRepositoryProtocol.swift */ = {isa = PBXFileReference; lastKnownFileType = sourcecode.swift; path = SpeachRecognizerRepositoryProtocol.swift; sourceTree = "<group>"; };
		8F49EB332F59B9AF0089A44F /* SFSpeechRecognizerRepository.swift */ = {isa = PBXFileReference; lastKnownFileType = sourcecode.swift; path = SFSpeechRecognizerRepository.swift; sourceTree = "<group>"; };
		8F6932102F5821F100C0432E /* DimensViewExtensions.swift */ = {isa = PBXFileReference; lastKnownFileType = sourcecode.swift; path = DimensViewExtensions.swift; sourceTree = "<group>"; };
		8F6932122F58262000C0432E /* FilledIconButton.swift */ = {isa = PBXFileReference; lastKnownFileType = sourcecode.swift; path = FilledIconButton.swift; sourceTree = "<group>"; };
		8F6932142F582A0E00C0432E /* AppButton.swift */ = {isa = PBXFileReference; lastKnownFileType = sourcecode.swift; path = AppButton.swift; sourceTree = "<group>"; };
		8F6932162F584B5300C0432E /* Main.xcstrings */ = {isa = PBXFileReference; lastKnownFileType = text.json.xcstrings; path = Main.xcstrings; sourceTree = "<group>"; };
		8F6932182F584BE900C0432E /* MainComponents.xcstrings */ = {isa = PBXFileReference; lastKnownFileType = text.json.xcstrings; path = MainComponents.xcstrings; sourceTree = "<group>"; };
		8F69321A2F584F1800C0432E /* LanguagesCardView.swift */ = {isa = PBXFileReference; lastKnownFileType = sourcecode.swift; path = LanguagesCardView.swift; sourceTree = "<group>"; };
		8F6932202F585C6300C0432E /* TranslateCardView.swift */ = {isa = PBXFileReference; lastKnownFileType = sourcecode.swift; path = TranslateCardView.swift; sourceTree = "<group>"; };
		8F6932222F586E5600C0432E /* MockMainViewModel.swift */ = {isa = PBXFileReference; lastKnownFileType = sourcecode.swift; path = MockMainViewModel.swift; sourceTree = "<group>"; };
		8F6932242F58725500C0432E /* ToolBar.swift */ = {isa = PBXFileReference; lastKnownFileType = sourcecode.swift; path = ToolBar.swift; sourceTree = "<group>"; };
		8F6932262F58AAF500C0432E /* TabBar.swift */ = {isa = PBXFileReference; lastKnownFileType = sourcecode.swift; path = TabBar.swift; sourceTree = "<group>"; };
		8F8CDBAF2F570267006AB03A /* AppIcons.xcassets */ = {isa = PBXFileReference; lastKnownFileType = folder.assetcatalog; path = AppIcons.xcassets; sourceTree = "<group>"; };
		8F8CDBB22F570818006AB03A /* AppDimens.swift */ = {isa = PBXFileReference; lastKnownFileType = sourcecode.swift; path = AppDimens.swift; sourceTree = "<group>"; };
		8F8CDBB42F571291006AB03A /* CardBackground.swift */ = {isa = PBXFileReference; lastKnownFileType = sourcecode.swift; path = CardBackground.swift; sourceTree = "<group>"; };
		8F8CDBB62F571497006AB03A /* Shadow.swift */ = {isa = PBXFileReference; lastKnownFileType = sourcecode.swift; path = Shadow.swift; sourceTree = "<group>"; };
		8F8CDBB92F5716B9006AB03A /* MainView.swift */ = {isa = PBXFileReference; lastKnownFileType = sourcecode.swift; path = MainView.swift; sourceTree = "<group>"; };
		8F8CDBBC2F5716F9006AB03A /* InputCardView.swift */ = {isa = PBXFileReference; lastKnownFileType = sourcecode.swift; path = InputCardView.swift; sourceTree = "<group>"; };
		8F8CDBBE2F5718A9006AB03A /* MainViewModelProtocol.swift */ = {isa = PBXFileReference; lastKnownFileType = sourcecode.swift; path = MainViewModelProtocol.swift; sourceTree = "<group>"; };
		8F8CDBC02F571965006AB03A /* MainViewModel.swift */ = {isa = PBXFileReference; lastKnownFileType = sourcecode.swift; path = MainViewModel.swift; sourceTree = "<group>"; };
		8F8CDBC32F5729FF006AB03A /* Roboto-Regular.ttf */ = {isa = PBXFileReference; lastKnownFileType = file; path = "Roboto-Regular.ttf"; sourceTree = "<group>"; };
		8F8CDBC52F572A0F006AB03A /* Roboto-Medium.ttf */ = {isa = PBXFileReference; lastKnownFileType = file; path = "Roboto-Medium.ttf"; sourceTree = "<group>"; };
		8F8CDBC72F572AEC006AB03A /* AppFonts.swift */ = {isa = PBXFileReference; lastKnownFileType = sourcecode.swift; path = AppFonts.swift; sourceTree = "<group>"; };
		8F8CDBCA2F580518006AB03A /* SpacingExtensions.swift */ = {isa = PBXFileReference; lastKnownFileType = sourcecode.swift; path = SpacingExtensions.swift; sourceTree = "<group>"; };
		8F8CDBCC2F580A7F006AB03A /* TextExtensions.swift */ = {isa = PBXFileReference; lastKnownFileType = sourcecode.swift; path = TextExtensions.swift; sourceTree = "<group>"; };
		8F8CDBCE2F580C03006AB03A /* IconButton.swift */ = {isa = PBXFileReference; lastKnownFileType = sourcecode.swift; path = IconButton.swift; sourceTree = "<group>"; };
		8F8CDBD02F580E8E006AB03A /* TextButton.swift */ = {isa = PBXFileReference; lastKnownFileType = sourcecode.swift; path = TextButton.swift; sourceTree = "<group>"; };
		8F9C0A8B2F63E4F700226A67 /* SoundRepositoryProtocol.swift */ = {isa = PBXFileReference; lastKnownFileType = sourcecode.swift; path = SoundRepositoryProtocol.swift; sourceTree = "<group>"; };
		8F9C0A8D2F63E61000226A67 /* BundleSoundRepository.swift */ = {isa = PBXFileReference; lastKnownFileType = sourcecode.swift; path = BundleSoundRepository.swift; sourceTree = "<group>"; };
		8F9C0A932F63EC7100226A67 /* beep-07a.mp3 */ = {isa = PBXFileReference; lastKnownFileType = audio.mp3; path = "beep-07a.mp3"; sourceTree = "<group>"; };
		8F9C0A952F63FB5A00226A67 /* PulseAnimation.swift */ = {isa = PBXFileReference; lastKnownFileType = sourcecode.swift; path = PulseAnimation.swift; sourceTree = "<group>"; };
		8FFA15EE2F3A078A00A99CD0 /* TranslationApp.app */ = {isa = PBXFileReference; explicitFileType = wrapper.application; includeInIndex = 0; path = TranslationApp.app; sourceTree = BUILT_PRODUCTS_DIR; };
/* End PBXFileReference section */

/* Begin PBXFrameworksBuildPhase section */
		8FFA15EB2F3A078A00A99CD0 /* Frameworks */ = {
			isa = PBXFrameworksBuildPhase;
			files = (
			);
		};
/* End PBXFrameworksBuildPhase section */

/* Begin PBXGroup section */
		8F07DD442F5AD85A00A44ED7 /* Models */ = {
			isa = PBXGroup;
			children = (
				8F07DD6C2F5D848900A44ED7 /* Translation.swift */,
				8F07DD512F5AF6BA00A44ED7 /* Language.swift */,
			);
			path = Models;
			sourceTree = "<group>";
		};
		8F07DD462F5AE25500A44ED7 /* UI */ = {
			isa = PBXGroup;
			children = (
				8F6932222F586E5600C0432E /* MockMainViewModel.swift */,
				8F8CDBC02F571965006AB03A /* MainViewModel.swift */,
				8F8CDBBE2F5718A9006AB03A /* MainViewModelProtocol.swift */,
				8F8CDBBB2F5716D6006AB03A /* Components */,
				8F8CDBB92F5716B9006AB03A /* MainView.swift */,
				8F6932162F584B5300C0432E /* Main.xcstrings */,
			);
			path = UI;
			sourceTree = "<group>";
		};
		8F07DD472F5AE26200A44ED7 /* Domain */ = {
			isa = PBXGroup;
			children = (
				8F07DD582F5B04F200A44ED7 /* Impl */,
				8F07DD572F5B04DA00A44ED7 /* Api */,
				8F07DD4A2F5AE2F000A44ED7 /* Repository */,
			);
			path = Domain;
			sourceTree = "<group>";
		};
		8F07DD4A2F5AE2F000A44ED7 /* Repository */ = {
			isa = PBXGroup;
			children = (
				8F07DD482F5AE29100A44ED7 /* TranlationRepositoryProtocol.swift */,
			);
			path = Repository;
			sourceTree = "<group>";
		};
		8F07DD4B2F5AE2FD00A44ED7 /* Data */ = {
			isa = PBXGroup;
			children = (
				8F07DD4D2F5AE32200A44ED7 /* TranslationSessionRepository.swift */,
			);
			path = Data;
			sourceTree = "<group>";
		};
		8F07DD572F5B04DA00A44ED7 /* Api */ = {
			isa = PBXGroup;
			children = (
				8F07DD6A2F5D7CC400A44ED7 /* MainFavoritesInteractorProtocol.swift */,
				8F07DD552F5B045E00A44ED7 /* TranslateInteractorProtocol.swift */,
			);
			path = Api;
			sourceTree = "<group>";
		};
		8F07DD582F5B04F200A44ED7 /* Impl */ = {
			isa = PBXGroup;
			children = (
				8F07DD682F5D7CA200A44ED7 /* MainFavoritesInteractor.swift */,
				8F07DD592F5B04FD00A44ED7 /* TranslateInteractor.swift */,
			);
			path = Impl;
			sourceTree = "<group>";
		};
		8F07DD652F5D769500A44ED7 /* SwiftData */ = {
			isa = PBXGroup;
			children = (
				8F07DD662F5D76A000A44ED7 /* FavoriteTranslation.swift */,
			);
			path = SwiftData;
			sourceTree = "<group>";
		};
		8F07DD742F5ECE7300A44ED7 /* Api */ = {
			isa = PBXGroup;
			children = (
				8F07DD752F5ECE7C00A44ED7 /* VoiceInteractorProtocol.swift */,
			);
			path = Api;
			sourceTree = "<group>";
		};
		8F07DD772F5ECF5100A44ED7 /* Impl */ = {
			isa = PBXGroup;
			children = (
				8F07DD782F5ED04800A44ED7 /* CommonVoiceInteractor.swift */,
			);
			path = Impl;
			sourceTree = "<group>";
		};
		8F07DD8A2F6160A200A44ED7 /* Dto */ = {
			isa = PBXGroup;
			children = (
				8F07DD8B2F6160AA00A44ED7 /* LanguageDto.swift */,
			);
			path = Dto;
			sourceTree = "<group>";
		};
		8F07DD8D2F6160F100A44ED7 /* Mapper */ = {
			isa = PBXGroup;
			children = (
				8F07DD942F61633600A44ED7 /* JSONCoder.swift */,
				8F07DD902F61616E00A44ED7 /* LanguageMapper.swift */,
				8F07DD8E2F61611B00A44ED7 /* TranslationMapper.swift */,
			);
			path = Mapper;
			sourceTree = "<group>";
		};
		8F3A86DA2F56FAFC000CBF7A /* DS */ = {
			isa = PBXGroup;
			children = (
				8F8CDBC22F5729AC006AB03A /* Fonts */,
				8F8CDBB22F570818006AB03A /* AppDimens.swift */,
				8F8CDBB12F57070C006AB03A /* Components */,
				8F3A86D92F56FAFC000CBF7A /* AppColors.xcassets */,
				8F8CDBAF2F570267006AB03A /* AppIcons.xcassets */,
			);
			path = DS;
			sourceTree = "<group>";
		};
		8F3A86DB2F56FAFC000CBF7A /* UI */ = {
			isa = PBXGroup;
			children = (
				8F8CDBC92F58046C006AB03A /* Utils */,
				8F3A86DA2F56FAFC000CBF7A /* DS */,
				8F69321F2F5850B800C0432E /* Components */,
			);
			path = UI;
			sourceTree = "<group>";
		};
		8F3A86E22F56FAFC000CBF7A /* TranslationApp */ = {
			isa = PBXGroup;
			children = (
				8F69321C2F5850A000C0432E /* Common */,
				8F3A86DC2F56FAFC000CBF7A /* Assets.xcassets */,
				8F3A86DD2F56FAFC000CBF7A /* CameraScanner.swift */,
				8F3A86DE2F56FAFC000CBF7A /* CameraScannerViewController.swift */,
				8F3A86DF2F56FAFC000CBF7A /* ContentView.swift */,
				8F3A86E02F56FAFC000CBF7A /* Info.plist */,
				8F3A86E12F56FAFC000CBF7A /* TranslationApp.swift */,
				8F8CDBB82F57161B006AB03A /* Screens */,
			);
			path = TranslationApp;
			sourceTree = "<group>";
		};
		8F49EB2D2F59B8210089A44F /* Domain */ = {
			isa = PBXGroup;
			children = (
				8F07DD772F5ECF5100A44ED7 /* Impl */,
				8F07DD742F5ECE7300A44ED7 /* Api */,
				8F07DD442F5AD85A00A44ED7 /* Models */,
				8F49EB302F59B9860089A44F /* Repository */,
			);
			path = Domain;
			sourceTree = "<group>";
		};
		8F49EB302F59B9860089A44F /* Repository */ = {
			isa = PBXGroup;
			children = (
				8F07DD862F615BF700A44ED7 /* SettingsRepositoryProtocol.swift */,
				8F07DD612F5D756400A44ED7 /* FavoritesRepositoryProtocol.swift */,
				8F07DD4F2F5AF69600A44ED7 /* LanguagesRepositoryProtocol.swift */,
				8F49EB2E2F59B82B0089A44F /* SpeachRecognizerRepositoryProtocol.swift */,
				8F07DD722F5ECC2F00A44ED7 /* SpeechSynthesizerRepositoryProtocol.swift */,
				8F9C0A8B2F63E4F700226A67 /* SoundRepositoryProtocol.swift */,
			);
			path = Repository;
			sourceTree = "<group>";
		};
		8F49EB312F59B99E0089A44F /* Data */ = {
			isa = PBXGroup;
			children = (
				8F49EB322F59B9A50089A44F /* Repository */,
			);
			path = Data;
			sourceTree = "<group>";
		};
		8F49EB322F59B9A50089A44F /* Repository */ = {
			isa = PBXGroup;
			children = (
				8F9C0A8F2F63E71000226A67 /* Bundle */,
				8F07DD922F61631600A44ED7 /* CoderProtocol.swift */,
				8F07DD8D2F6160F100A44ED7 /* Mapper */,
				8F07DD8A2F6160A200A44ED7 /* Dto */,
				8F07DD882F615C3C00A44ED7 /* UserDefaultsSettingsRepository.swift */,
				8F07DD632F5D75D400A44ED7 /* SwiftDataFavoritesRepository.swift */,
				8F07DD652F5D769500A44ED7 /* SwiftData */,
				8F49EB332F59B9AF0089A44F /* SFSpeechRecognizerRepository.swift */,
				8F07DD532F5AF79100A44ED7 /* LocaleLanguageRepository.swift */,
				8F07DD702F5EB7D500A44ED7 /* AVFoundationSpeechSynthesizerRepository.swift */,
				8F9C0A8D2F63E61000226A67 /* BundleSoundRepository.swift */,
			);
			path = Repository;
			sourceTree = "<group>";
		};
		8F69321C2F5850A000C0432E /* Common */ = {
			isa = PBXGroup;
			children = (
				8F49EB312F59B99E0089A44F /* Data */,
				8F49EB2D2F59B8210089A44F /* Domain */,
				8F3A86DB2F56FAFC000CBF7A /* UI */,
			);
			path = Common;
			sourceTree = "<group>";
		};
		8F69321F2F5850B800C0432E /* Components */ = {
			isa = PBXGroup;
			children = (
				8F07DD5D2F5C8EFA00A44ED7 /* SearchBar.swift */,
				8F6932262F58AAF500C0432E /* TabBar.swift */,
				8F6932242F58725500C0432E /* ToolBar.swift */,
				8F69321A2F584F1800C0432E /* LanguagesCardView.swift */,
			);
			path = Components;
			sourceTree = "<group>";
		};
		8F8CDBAC2F57008E006AB03A /* Main */ = {
			isa = PBXGroup;
			children = (
				8F07DD4B2F5AE2FD00A44ED7 /* Data */,
				8F07DD472F5AE26200A44ED7 /* Domain */,
				8F07DD462F5AE25500A44ED7 /* UI */,
			);
			path = Main;
			sourceTree = "<group>";
		};
		8F8CDBB12F57070C006AB03A /* Components */ = {
			isa = PBXGroup;
			children = (
				8F07DD5B2F5C315500A44ED7 /* AppList.swift */,
				8F6932142F582A0E00C0432E /* AppButton.swift */,
				8F6932122F58262000C0432E /* FilledIconButton.swift */,
				8F8CDBD02F580E8E006AB03A /* TextButton.swift */,
				8F8CDBCE2F580C03006AB03A /* IconButton.swift */,
				8F8CDBB62F571497006AB03A /* Shadow.swift */,
				8F8CDBB42F571291006AB03A /* CardBackground.swift */,
				8F9C0A952F63FB5A00226A67 /* PulseAnimation.swift */,
			);
			path = Components;
			sourceTree = "<group>";
		};
		8F8CDBB82F57161B006AB03A /* Screens */ = {
			isa = PBXGroup;
			children = (
				8F8CDBAC2F57008E006AB03A /* Main */,
			);
			path = Screens;
			sourceTree = "<group>";
		};
		8F8CDBBB2F5716D6006AB03A /* Components */ = {
			isa = PBXGroup;
			children = (
				8F6932202F585C6300C0432E /* TranslateCardView.swift */,
				8F6932182F584BE900C0432E /* MainComponents.xcstrings */,
				8F8CDBBC2F5716F9006AB03A /* InputCardView.swift */,
			);
			path = Components;
			sourceTree = "<group>";
		};
		8F8CDBC22F5729AC006AB03A /* Fonts */ = {
			isa = PBXGroup;
			children = (
				8F8CDBC72F572AEC006AB03A /* AppFonts.swift */,
				8F8CDBC32F5729FF006AB03A /* Roboto-Regular.ttf */,
				8F8CDBC52F572A0F006AB03A /* Roboto-Medium.ttf */,
			);
			path = Fonts;
			sourceTree = "<group>";
		};
		8F8CDBC92F58046C006AB03A /* Utils */ = {
			isa = PBXGroup;
			children = (
				8F49EB2B2F59AD450089A44F /* ConditionalViewExtensions.swift */,
				8F6932102F5821F100C0432E /* DimensViewExtensions.swift */,
				8F8CDBCC2F580A7F006AB03A /* TextExtensions.swift */,
				8F8CDBCA2F580518006AB03A /* SpacingExtensions.swift */,
			);
			path = Utils;
			sourceTree = "<group>";
		};
		8F9C0A8F2F63E71000226A67 /* Bundle */ = {
			isa = PBXGroup;
			children = (
				8F9C0A922F63E7A600226A67 /* Sounds */,
			);
			path = Bundle;
			sourceTree = "<group>";
		};
		8F9C0A922F63E7A600226A67 /* Sounds */ = {
			isa = PBXGroup;
			children = (
				8F9C0A932F63EC7100226A67 /* beep-07a.mp3 */,
			);
			path = Sounds;
			sourceTree = "<group>";
		};
		8FFA15E52F3A078A00A99CD0 = {
			isa = PBXGroup;
			children = (
				8F3A86E22F56FAFC000CBF7A /* TranslationApp */,
				8FFA15EF2F3A078A00A99CD0 /* Products */,
			);
			sourceTree = "<group>";
		};
		8FFA15EF2F3A078A00A99CD0 /* Products */ = {
			isa = PBXGroup;
			children = (
				8FFA15EE2F3A078A00A99CD0 /* TranslationApp.app */,
			);
			name = Products;
			sourceTree = "<group>";
		};
/* End PBXGroup section */

/* Begin PBXNativeTarget section */
		8FFA15ED2F3A078A00A99CD0 /* TranslationApp */ = {
			isa = PBXNativeTarget;
			buildConfigurationList = 8FFA15F92F3A078B00A99CD0 /* Build configuration list for PBXNativeTarget "TranslationApp" */;
			buildPhases = (
				8FFA15EA2F3A078A00A99CD0 /* Sources */,
				8FFA15EB2F3A078A00A99CD0 /* Frameworks */,
				8FFA15EC2F3A078A00A99CD0 /* Resources */,
			);
			buildRules = (
			);
			name = TranslationApp;
			productName = LiveTextAPISample;
			productReference = 8FFA15EE2F3A078A00A99CD0 /* TranslationApp.app */;
			productType = "com.apple.product-type.application";
		};
/* End PBXNativeTarget section */

/* Begin PBXProject section */
		8FFA15E62F3A078A00A99CD0 /* Project object */ = {
			isa = PBXProject;
			attributes = {
				BuildIndependentTargetsInParallel = 1;
				LastSwiftUpdateCheck = 2610;
				LastUpgradeCheck = 2610;
				TargetAttributes = {
					8FFA15ED2F3A078A00A99CD0 = {
						CreatedOnToolsVersion = 26.1.1;
					};
				};
			};
			buildConfigurationList = 8FFA15E92F3A078A00A99CD0 /* Build configuration list for PBXProject "TranslationApp" */;
			developmentRegion = en;
			hasScannedForEncodings = 0;
			knownRegions = (
				en,
				Base,
			);
			mainGroup = 8FFA15E52F3A078A00A99CD0;
			minimizedProjectReferenceProxies = 1;
			preferredProjectObjectVersion = 90;
			productRefGroup = 8FFA15EF2F3A078A00A99CD0 /* Products */;
			projectDirPath = "";
			projectRoot = "";
			targets = (
				8FFA15ED2F3A078A00A99CD0 /* TranslationApp */,
			);
		};
/* End PBXProject section */

/* Begin PBXResourcesBuildPhase section */
		8FFA15EC2F3A078A00A99CD0 /* Resources */ = {
			isa = PBXResourcesBuildPhase;
			files = (
				8F3A86E32F56FAFC000CBF7A /* Assets.xcassets in Resources */,
				8F3A86E42F56FAFC000CBF7A /* AppColors.xcassets in Resources */,
				8F07DD642F5D75D400A44ED7 /* SwiftDataFavoritesRepository.swift in Resources */,
				8F8CDBC62F572A0F006AB03A /* Roboto-Medium.ttf in Resources */,
				8F8CDBC42F5729FF006AB03A /* Roboto-Regular.ttf in Resources */,
				8F9C0A942F63EC7100226A67 /* beep-07a.mp3 in Resources */,
				8F6932172F584B5300C0432E /* Main.xcstrings in Resources */,
				8F8CDBB02F570267006AB03A /* AppIcons.xcassets in Resources */,
				8F6932192F584BE900C0432E /* MainComponents.xcstrings in Resources */,
			);
		};
/* End PBXResourcesBuildPhase section */

/* Begin PBXSourcesBuildPhase section */
		8FFA15EA2F3A078A00A99CD0 /* Sources */ = {
			isa = PBXSourcesBuildPhase;
			files = (
				8F07DD6E2F5D8E1700A44ED7 /* SwiftDataFavoritesRepository.swift in Sources */,
				8F8CDBC82F572AF1006AB03A /* AppFonts.swift in Sources */,
				8F3A86E62F56FAFC000CBF7A /* CameraScannerViewController.swift in Sources */,
				8F8CDBCB2F580520006AB03A /* SpacingExtensions.swift in Sources */,
				8F07DD6B2F5D7CC400A44ED7 /* MainFavoritesInteractorProtocol.swift in Sources */,
				8F8CDBCF2F580C1E006AB03A /* IconButton.swift in Sources */,
				8F07DD4E2F5AE32200A44ED7 /* TranslationSessionRepository.swift in Sources */,
				8F07DD8C2F6160AF00A44ED7 /* LanguageDto.swift in Sources */,
				8F07DD892F615C4D00A44ED7 /* UserDefaultsSettingsRepository.swift in Sources */,
				8F07DD6D2F5D849200A44ED7 /* Translation.swift in Sources */,
				8F07DD5E2F5C8F0000A44ED7 /* SearchBar.swift in Sources */,
				8F8CDBD12F580E8E006AB03A /* TextButton.swift in Sources */,
				8F07DD672F5D76AF00A44ED7 /* FavoriteTranslation.swift in Sources */,
				8F07DD932F61631800A44ED7 /* CoderProtocol.swift in Sources */,
				8F6932252F58725B00C0432E /* ToolBar.swift in Sources */,
				8F49EB342F59B9AF0089A44F /* SFSpeechRecognizerRepository.swift in Sources */,
				8F8CDBBD2F5716F9006AB03A /* InputCardView.swift in Sources */,
				8F6932152F582A1800C0432E /* AppButton.swift in Sources */,
				8F49EB2C2F59AD570089A44F /* ConditionalViewExtensions.swift in Sources */,
				8F3A86E72F56FAFC000CBF7A /* CameraScanner.swift in Sources */,
				8F9C0A962F63FB5A00226A67 /* PulseAnimation.swift in Sources */,
				8F8CDBBF2F5718A9006AB03A /* MainViewModelProtocol.swift in Sources */,
				8F07DD5A2F5B04FD00A44ED7 /* TranslateInteractor.swift in Sources */,
				8F07DD872F615BFF00A44ED7 /* SettingsRepositoryProtocol.swift in Sources */,
				8F6932232F586E5600C0432E /* MockMainViewModel.swift in Sources */,
				8F6932132F58262000C0432E /* FilledIconButton.swift in Sources */,
				8F07DD732F5ECC3500A44ED7 /* SpeechSynthesizerRepositoryProtocol.swift in Sources */,
				8F8CDBC12F571965006AB03A /* MainViewModel.swift in Sources */,
				8F8CDBBA2F5716B9006AB03A /* MainView.swift in Sources */,
				8F07DD562F5B045E00A44ED7 /* TranslateInteractorProtocol.swift in Sources */,
				8F8CDBB32F570821006AB03A /* AppDimens.swift in Sources */,
				8F07DD952F61633A00A44ED7 /* JSONCoder.swift in Sources */,
				8F6932272F58AAF500C0432E /* TabBar.swift in Sources */,
				8F07DD792F5ED04800A44ED7 /* CommonVoiceInteractor.swift in Sources */,
				8F07DD5C2F5C315500A44ED7 /* AppList.swift in Sources */,
				8F9C0A8E2F63E61000226A67 /* BundleSoundRepository.swift in Sources */,
				8F8CDBB52F57129B006AB03A /* CardBackground.swift in Sources */,
				8F07DD502F5AF69600A44ED7 /* LanguagesRepositoryProtocol.swift in Sources */,
				8F07DD712F5EB7E900A44ED7 /* AVFoundationSpeechSynthesizerRepository.swift in Sources */,
				8F07DD692F5D7CA200A44ED7 /* MainFavoritesInteractor.swift in Sources */,
				8F6932112F5821F800C0432E /* DimensViewExtensions.swift in Sources */,
				8F07DD522F5AF6E200A44ED7 /* Language.swift in Sources */,
				8F07DD912F61617300A44ED7 /* LanguageMapper.swift in Sources */,
				8F07DD542F5AF79100A44ED7 /* LocaleLanguageRepository.swift in Sources */,
				8F8CDBCD2F580A8B006AB03A /* TextExtensions.swift in Sources */,
				8F6932212F585C6300C0432E /* TranslateCardView.swift in Sources */,
				8F3A86E82F56FAFC000CBF7A /* ContentView.swift in Sources */,
				8F07DD492F5AE29100A44ED7 /* TranlationRepositoryProtocol.swift in Sources */,
				8F8CDBB72F5714A5006AB03A /* Shadow.swift in Sources */,
				8F9C0A8C2F63E4F700226A67 /* SoundRepositoryProtocol.swift in Sources */,
				8F07DD622F5D756400A44ED7 /* FavoritesRepositoryProtocol.swift in Sources */,
				8F3A86E92F56FAFC000CBF7A /* TranslationApp.swift in Sources */,
				8F07DD8F2F61611B00A44ED7 /* TranslationMapper.swift in Sources */,
				8F07DD762F5ECE8F00A44ED7 /* VoiceInteractorProtocol.swift in Sources */,
				8F69321B2F584F1800C0432E /* LanguagesCardView.swift in Sources */,
				8F49EB2F2F59B8530089A44F /* SpeachRecognizerRepositoryProtocol.swift in Sources */,
			);
		};
/* End PBXSourcesBuildPhase section */

/* Begin XCBuildConfiguration section */
		8FFA15F72F3A078B00A99CD0 /* Debug configuration for PBXProject "TranslationApp" */ = {
			isa = XCBuildConfiguration;
			buildSettings = {
				ALWAYS_SEARCH_USER_PATHS = NO;
				ASSETCATALOG_COMPILER_GENERATE_SWIFT_ASSET_SYMBOL_EXTENSIONS = YES;
				CLANG_ANALYZER_NONNULL = YES;
				CLANG_ANALYZER_NUMBER_OBJECT_CONVERSION = YES_AGGRESSIVE;
				CLANG_CXX_LANGUAGE_STANDARD = "gnu++20";
				CLANG_ENABLE_MODULES = YES;
				CLANG_ENABLE_OBJC_ARC = YES;
				CLANG_ENABLE_OBJC_WEAK = YES;
				CLANG_WARN_BLOCK_CAPTURE_AUTORELEASING = YES;
				CLANG_WARN_BOOL_CONVERSION = YES;
				CLANG_WARN_COMMA = YES;
				CLANG_WARN_CONSTANT_CONVERSION = YES;
				CLANG_WARN_DEPRECATED_OBJC_IMPLEMENTATIONS = YES;
				CLANG_WARN_DIRECT_OBJC_ISA_USAGE = YES_ERROR;
				CLANG_WARN_DOCUMENTATION_COMMENTS = YES;
				CLANG_WARN_EMPTY_BODY = YES;
				CLANG_WARN_ENUM_CONVERSION = YES;
				CLANG_WARN_INFINITE_RECURSION = YES;
				CLANG_WARN_INT_CONVERSION = YES;
				CLANG_WARN_NON_LITERAL_NULL_CONVERSION = YES;
				CLANG_WARN_OBJC_IMPLICIT_RETAIN_SELF = YES;
				CLANG_WARN_OBJC_LITERAL_CONVERSION = YES;
				CLANG_WARN_OBJC_ROOT_CLASS = YES_ERROR;
				CLANG_WARN_QUOTED_INCLUDE_IN_FRAMEWORK_HEADER = YES;
				CLANG_WARN_RANGE_LOOP_ANALYSIS = YES;
				CLANG_WARN_STRICT_PROTOTYPES = YES;
				CLANG_WARN_SUSPICIOUS_MOVE = YES;
				CLANG_WARN_UNGUARDED_AVAILABILITY = YES_AGGRESSIVE;
				CLANG_WARN_UNREACHABLE_CODE = YES;
				CLANG_WARN__DUPLICATE_METHOD_MATCH = YES;
				COPY_PHASE_STRIP = NO;
				DEBUG_INFORMATION_FORMAT = dwarf;
				DEVELOPMENT_TEAM = PUZTL5WF8V;
				ENABLE_STRICT_OBJC_MSGSEND = YES;
				ENABLE_TESTABILITY = YES;
				ENABLE_USER_SCRIPT_SANDBOXING = YES;
				GCC_C_LANGUAGE_STANDARD = gnu17;
				GCC_DYNAMIC_NO_PIC = NO;
				GCC_NO_COMMON_BLOCKS = YES;
				GCC_OPTIMIZATION_LEVEL = 0;
				GCC_PREPROCESSOR_DEFINITIONS = (
					"DEBUG=1",
					"$(inherited)",
				);
				GCC_WARN_64_TO_32_BIT_CONVERSION = YES;
				GCC_WARN_ABOUT_RETURN_TYPE = YES_ERROR;
				GCC_WARN_UNDECLARED_SELECTOR = YES;
				GCC_WARN_UNINITIALIZED_AUTOS = YES_AGGRESSIVE;
				GCC_WARN_UNUSED_FUNCTION = YES;
				GCC_WARN_UNUSED_VARIABLE = YES;
				IPHONEOS_DEPLOYMENT_TARGET = 26.1;
				LOCALIZATION_PREFERS_STRING_CATALOGS = YES;
				MTL_ENABLE_DEBUG_INFO = INCLUDE_SOURCE;
				MTL_FAST_MATH = YES;
				ONLY_ACTIVE_ARCH = YES;
				SDKROOT = iphoneos;
				SWIFT_ACTIVE_COMPILATION_CONDITIONS = "DEBUG $(inherited)";
				SWIFT_EMIT_LOC_STRINGS = YES;
				SWIFT_OPTIMIZATION_LEVEL = "-Onone";
			};
			name = Debug;
		};
		8FFA15F82F3A078B00A99CD0 /* Release configuration for PBXProject "TranslationApp" */ = {
			isa = XCBuildConfiguration;
			buildSettings = {
				ALWAYS_SEARCH_USER_PATHS = NO;
				ASSETCATALOG_COMPILER_GENERATE_SWIFT_ASSET_SYMBOL_EXTENSIONS = YES;
				CLANG_ANALYZER_NONNULL = YES;
				CLANG_ANALYZER_NUMBER_OBJECT_CONVERSION = YES_AGGRESSIVE;
				CLANG_CXX_LANGUAGE_STANDARD = "gnu++20";
				CLANG_ENABLE_MODULES = YES;
				CLANG_ENABLE_OBJC_ARC = YES;
				CLANG_ENABLE_OBJC_WEAK = YES;
				CLANG_WARN_BLOCK_CAPTURE_AUTORELEASING = YES;
				CLANG_WARN_BOOL_CONVERSION = YES;
				CLANG_WARN_COMMA = YES;
				CLANG_WARN_CONSTANT_CONVERSION = YES;
				CLANG_WARN_DEPRECATED_OBJC_IMPLEMENTATIONS = YES;
				CLANG_WARN_DIRECT_OBJC_ISA_USAGE = YES_ERROR;
				CLANG_WARN_DOCUMENTATION_COMMENTS = YES;
				CLANG_WARN_EMPTY_BODY = YES;
				CLANG_WARN_ENUM_CONVERSION = YES;
				CLANG_WARN_INFINITE_RECURSION = YES;
				CLANG_WARN_INT_CONVERSION = YES;
				CLANG_WARN_NON_LITERAL_NULL_CONVERSION = YES;
				CLANG_WARN_OBJC_IMPLICIT_RETAIN_SELF = YES;
				CLANG_WARN_OBJC_LITERAL_CONVERSION = YES;
				CLANG_WARN_OBJC_ROOT_CLASS = YES_ERROR;
				CLANG_WARN_QUOTED_INCLUDE_IN_FRAMEWORK_HEADER = YES;
				CLANG_WARN_RANGE_LOOP_ANALYSIS = YES;
				CLANG_WARN_STRICT_PROTOTYPES = YES;
				CLANG_WARN_SUSPICIOUS_MOVE = YES;
				CLANG_WARN_UNGUARDED_AVAILABILITY = YES_AGGRESSIVE;
				CLANG_WARN_UNREACHABLE_CODE = YES;
				CLANG_WARN__DUPLICATE_METHOD_MATCH = YES;
				COPY_PHASE_STRIP = NO;
				DEBUG_INFORMATION_FORMAT = "dwarf-with-dsym";
				DEVELOPMENT_TEAM = PUZTL5WF8V;
				ENABLE_NS_ASSERTIONS = NO;
				ENABLE_STRICT_OBJC_MSGSEND = YES;
				ENABLE_USER_SCRIPT_SANDBOXING = YES;
				GCC_C_LANGUAGE_STANDARD = gnu17;
				GCC_NO_COMMON_BLOCKS = YES;
				GCC_WARN_64_TO_32_BIT_CONVERSION = YES;
				GCC_WARN_ABOUT_RETURN_TYPE = YES_ERROR;
				GCC_WARN_UNDECLARED_SELECTOR = YES;
				GCC_WARN_UNINITIALIZED_AUTOS = YES_AGGRESSIVE;
				GCC_WARN_UNUSED_FUNCTION = YES;
				GCC_WARN_UNUSED_VARIABLE = YES;
				IPHONEOS_DEPLOYMENT_TARGET = 26.1;
				LOCALIZATION_PREFERS_STRING_CATALOGS = YES;
				MTL_ENABLE_DEBUG_INFO = NO;
				MTL_FAST_MATH = YES;
				SDKROOT = iphoneos;
				SWIFT_COMPILATION_MODE = wholemodule;
				SWIFT_EMIT_LOC_STRINGS = YES;
				VALIDATE_PRODUCT = YES;
			};
			name = Release;
		};
		8FFA15FA2F3A078B00A99CD0 /* Debug configuration for PBXNativeTarget "TranslationApp" */ = {
			isa = XCBuildConfiguration;
			buildSettings = {
				ASSETCATALOG_COMPILER_APPICON_NAME = AppIcon;
				ASSETCATALOG_COMPILER_GLOBAL_ACCENT_COLOR_NAME = AccentColor;
				CODE_SIGN_STYLE = Automatic;
				CURRENT_PROJECT_VERSION = 1;
				DEVELOPMENT_TEAM = PUZTL5WF8V;
				ENABLE_PREVIEWS = YES;
				GENERATE_INFOPLIST_FILE = YES;
				INFOPLIST_FILE = TranslationApp/Info.plist;
				INFOPLIST_KEY_NSCameraUsageDescription = "For capture text";
				INFOPLIST_KEY_NSMicrophoneUsageDescription = "For speach-to-text function";
				INFOPLIST_KEY_NSSpeechRecognitionUsageDescription = "For speach-to-text function";
				INFOPLIST_KEY_UIApplicationSceneManifest_Generation = YES;
				INFOPLIST_KEY_UIApplicationSupportsIndirectInputEvents = YES;
				INFOPLIST_KEY_UILaunchScreen_Generation = YES;
				INFOPLIST_KEY_UISupportedInterfaceOrientations = UIInterfaceOrientationPortrait;
				INFOPLIST_KEY_UISupportedInterfaceOrientations_iPad = "UIInterfaceOrientationLandscapeLeft UIInterfaceOrientationLandscapeRight UIInterfaceOrientationPortrait UIInterfaceOrientationPortraitUpsideDown";
				IPHONEOS_DEPLOYMENT_TARGET = 26.0;
				LD_RUNPATH_SEARCH_PATHS = (
					"$(inherited)",
					"@executable_path/Frameworks",
				);
				MARKETING_VERSION = 1.0;
				PRODUCT_BUNDLE_IDENTIFIER = elkabelaya.TranslationApp;
				PRODUCT_NAME = "$(TARGET_NAME)";
				STRING_CATALOG_GENERATE_SYMBOLS = YES;
				SUPPORTED_PLATFORMS = "iphoneos iphonesimulator";
				SUPPORTS_MACCATALYST = NO;
				SUPPORTS_MAC_DESIGNED_FOR_IPHONE_IPAD = NO;
				SUPPORTS_XR_DESIGNED_FOR_IPHONE_IPAD = NO;
				SWIFT_APPROACHABLE_CONCURRENCY = YES;
				SWIFT_DEFAULT_ACTOR_ISOLATION = MainActor;
				SWIFT_EMIT_LOC_STRINGS = YES;
				SWIFT_UPCOMING_FEATURE_MEMBER_IMPORT_VISIBILITY = YES;
				SWIFT_VERSION = 6.0;
				TARGETED_DEVICE_FAMILY = "1,2";
			};
			name = Debug;
		};
		8FFA15FB2F3A078B00A99CD0 /* Release configuration for PBXNativeTarget "TranslationApp" */ = {
			isa = XCBuildConfiguration;
			buildSettings = {
				ASSETCATALOG_COMPILER_APPICON_NAME = AppIcon;
				ASSETCATALOG_COMPILER_GLOBAL_ACCENT_COLOR_NAME = AccentColor;
				CODE_SIGN_STYLE = Automatic;
				CURRENT_PROJECT_VERSION = 1;
				DEVELOPMENT_TEAM = PUZTL5WF8V;
				ENABLE_PREVIEWS = YES;
				GENERATE_INFOPLIST_FILE = YES;
				INFOPLIST_FILE = TranslationApp/Info.plist;
				INFOPLIST_KEY_NSCameraUsageDescription = "For capture text";
				INFOPLIST_KEY_NSMicrophoneUsageDescription = "For speach-to-text function";
				INFOPLIST_KEY_NSSpeechRecognitionUsageDescription = "For speach-to-text function";
				INFOPLIST_KEY_UIApplicationSceneManifest_Generation = YES;
				INFOPLIST_KEY_UIApplicationSupportsIndirectInputEvents = YES;
				INFOPLIST_KEY_UILaunchScreen_Generation = YES;
				INFOPLIST_KEY_UISupportedInterfaceOrientations = UIInterfaceOrientationPortrait;
				INFOPLIST_KEY_UISupportedInterfaceOrientations_iPad = "UIInterfaceOrientationLandscapeLeft UIInterfaceOrientationLandscapeRight UIInterfaceOrientationPortrait UIInterfaceOrientationPortraitUpsideDown";
				IPHONEOS_DEPLOYMENT_TARGET = 26.0;
				LD_RUNPATH_SEARCH_PATHS = (
					"$(inherited)",
					"@executable_path/Frameworks",
				);
				MARKETING_VERSION = 1.0;
				PRODUCT_BUNDLE_IDENTIFIER = elkabelaya.TranslationApp;
				PRODUCT_NAME = "$(TARGET_NAME)";
				STRING_CATALOG_GENERATE_SYMBOLS = YES;
				SUPPORTED_PLATFORMS = "iphoneos iphonesimulator";
				SUPPORTS_MACCATALYST = NO;
				SUPPORTS_MAC_DESIGNED_FOR_IPHONE_IPAD = NO;
				SUPPORTS_XR_DESIGNED_FOR_IPHONE_IPAD = NO;
				SWIFT_APPROACHABLE_CONCURRENCY = YES;
				SWIFT_DEFAULT_ACTOR_ISOLATION = MainActor;
				SWIFT_EMIT_LOC_STRINGS = YES;
				SWIFT_UPCOMING_FEATURE_MEMBER_IMPORT_VISIBILITY = YES;
				SWIFT_VERSION = 6.0;
				TARGETED_DEVICE_FAMILY = "1,2";
			};
			name = Release;
		};
/* End XCBuildConfiguration section */

/* Begin XCConfigurationList section */
		8FFA15E92F3A078A00A99CD0 /* Build configuration list for PBXProject "TranslationApp" */ = {
			isa = XCConfigurationList;
			buildConfigurations = (
				8FFA15F72F3A078B00A99CD0 /* Debug configuration for PBXProject "TranslationApp" */,
				8FFA15F82F3A078B00A99CD0 /* Release configuration for PBXProject "TranslationApp" */,
			);
			defaultConfigurationName = Release;
		};
		8FFA15F92F3A078B00A99CD0 /* Build configuration list for PBXNativeTarget "TranslationApp" */ = {
			isa = XCConfigurationList;
			buildConfigurations = (
				8FFA15FA2F3A078B00A99CD0 /* Debug configuration for PBXNativeTarget "TranslationApp" */,
				8FFA15FB2F3A078B00A99CD0 /* Release configuration for PBXNativeTarget "TranslationApp" */,
			);
			defaultConfigurationName = Release;
		};
/* End XCConfigurationList section */
	};
	rootObject = 8FFA15E62F3A078A00A99CD0 /* Project object */;
}
